Microsoft Visual Studio Solution File, Format Version 10.00
# Visual C++ Express 2008
Project("{8BC9CEB8-8B4A-11D0-8D11-00A0C91BC942}") = "dtsSDK", "dtsSDK.vcproj", "{048153A2-B1E8-48F5-9648-89B851B14AB0}"
EndProject
Project("{8BC9CEB8-8B4A-11D0-8D11-00A0C91BC942}") = "dtsSDKPlus", "dtsSDKPlus.vcproj", "{4F18DB72-B2E8-409A-802A-3B39CC3510C9}"
EndProject
Project("{8BC9CEB8-8B4A-11D0-8D11-00A0C91BC942}") = "ms2dtsExporterPlus", "ms2dtsExporterPlus.vcproj", "{C7B4134B-3D0A-44E8-8821-72AB3D54963C}"
	ProjectSection(ProjectDependencies) = postProject
		{4F18DB72-B2E8-409A-802A-3B39CC3510C9} = {4F18DB72-B2E8-409A-802A-3B39CC3510C9}
		{048153A2-B1E8-48F5-9648-89B851B14AB0} = {048153A2-B1E8-48F5-9648-89B851B14AB0}
	EndProjectSection
EndProject
Global
	GlobalSection(SolutionConfigurationPlatforms) = preSolution
		Debug|Win32 = Debug|Win32
		Hybrid|Win32 = Hybrid|Win32
		Release|Win32 = Release|Win32
	EndGlobalSection
	GlobalSection(ProjectConfigurationPlatforms) = postSolution
		{048153A2-B1E8-48F5-9648-89B851B14AB0}.Debug|Win32.ActiveCfg = Debug|Win32
		{048153A2-B1E8-48F5-9648-89B851B14AB0}.Debug|Win32.Build.0 = Debug|Win32
		{048153A2-B1E8-48F5-9648-89B851B14AB0}.Hybrid|Win32.ActiveCfg = Hybrid|Win32
		{048153A2-B1E8-48F5-9648-89B851B14AB0}.Hybrid|Win32.Build.0 = Hybrid|Win32
		{048153A2-B1E8-48F5-9648-89B851B14AB0}.Release|Win32.ActiveCfg = Release|Win32
		{048153A2-B1E8-48F5-9648-89B851B14AB0}.Release|Win32.Build.0 = Release|Win32
		{4F18DB72-B2E8-409A-802A-3B39CC3510C9}.Debug|Win32.ActiveCfg = Debug|Win32
		{4F18DB72-B2E8-409A-802A-3B39CC3510C9}.Debug|Win32.Build.0 = Debug|Win32
		{4F18DB72-B2E8-409A-802A-3B39CC3510C9}.Hybrid|Win32.ActiveCfg = Hybrid|Win32
		{4F18DB72-B2E8-409A-802A-3B39CC3510C9}.Hybrid|Win32.Build.0 = Hybrid|Win32
		{4F18DB72-B2E8-409A-802A-3B39CC3510C9}.Release|Win32.ActiveCfg = Release|Win32
		{4F18DB72-B2E8-409A-802A-3B39CC3510C9}.Release|Win32.Build.0 = Release|Win32
		{C7B4134B-3D0A-44E8-8821-72AB3D54963C}.Debug|Win32.ActiveCfg = Debug|Win32
		{C7B4134B-3D0A-44E8-8821-72AB3D54963C}.Debug|Win32.Build.0 = Debug|Win32
		{C7B4134B-3D0A-44E8-8821-72AB3D54963C}.Hybrid|Win32.ActiveCfg = Release|Win32
		{C7B4134B-3D0A-44E8-8821-72AB3D54963C}.Hybrid|Win32.Build.0 = Release|Win32
		{C7B4134B-3D0A-44E8-8821-72AB3D54963C}.Release|Win32.ActiveCfg = Release|Win32
		{C7B4134B-3D0A-44E8-8821-72AB3D54963C}.Release|Win32.Build.0 = Release|Win32
	EndGlobalSection
	GlobalSection(SolutionProperties) = preSolution
		HideSolutionNode = FALSE
	EndGlobalSection
EndGlobal
